
Microsoft Visual Studio Solution File, Format Version 12.00
# Visual Studio 2012
Project("{FAE04EC0-301F-11D3-BF4B-00C04F79EFBC}") = "Transfers", "Transfers\Transfers.csproj", "{11020B50-0DA7-4D56-9167-5B9A4A893EC9}"
EndProject
Project("{FAE04EC0-301F-11D3-BF4B-00C04F79EFBC}") = "TransfersLibrary", "TransfersLibrary\TransfersLibrary.csproj", "{6677E76B-C330-4646-BA4E-6DB2BF5CDD9F}"
EndProject
Project("{FAE04EC0-301F-11D3-BF4B-00C04F79EFBC}") = "TransfersBackOffice", "TransfersBackOffice\TransfersBackOffice.csproj", "{72223B2D-7062-4A24-B502-594A49AB859A}"
EndProject
Global
	GlobalSection(SolutionConfigurationPlatforms) = preSolution
		Debug|Any CPU = Debug|Any CPU
		Release|Any CPU = Release|Any CPU
	EndGlobalSection
	GlobalSection(ProjectConfigurationPlatforms) = postSolution
		{11020B50-0DA7-4D56-9167-5B9A4A893EC9}.Debug|Any CPU.ActiveCfg = Debug|Any CPU
		{11020B50-0DA7-4D56-9167-5B9A4A893EC9}.Debug|Any CPU.Build.0 = Debug|Any CPU
		{11020B50-0DA7-4D56-9167-5B9A4A893EC9}.Release|Any CPU.ActiveCfg = Release|Any CPU
		{11020B50-0DA7-4D56-9167-5B9A4A893EC9}.Release|Any CPU.Build.0 = Release|Any CPU
		{6677E76B-C330-4646-BA4E-6DB2BF5CDD9F}.Debug|Any CPU.ActiveCfg = Debug|Any CPU
		{6677E76B-C330-4646-BA4E-6DB2BF5CDD9F}.Debug|Any CPU.Build.0 = Debug|Any CPU
		{6677E76B-C330-4646-BA4E-6DB2BF5CDD9F}.Release|Any CPU.ActiveCfg = Release|Any CPU
		{6677E76B-C330-4646-BA4E-6DB2BF5CDD9F}.Release|Any CPU.Build.0 = Release|Any CPU
		{72223B2D-7062-4A24-B502-594A49AB859A}.Debug|Any CPU.ActiveCfg = Debug|Any CPU
		{72223B2D-7062-4A24-B502-594A49AB859A}.Debug|Any CPU.Build.0 = Debug|Any CPU
		{72223B2D-7062-4A24-B502-594A49AB859A}.Release|Any CPU.ActiveCfg = Release|Any CPU
		{72223B2D-7062-4A24-B502-594A49AB859A}.Release|Any CPU.Build.0 = Release|Any CPU
	EndGlobalSection
	GlobalSection(SolutionProperties) = preSolution
		HideSolutionNode = FALSE
	EndGlobalSection
EndGlobal
